{
    "_readme": [
        "This file locks the dependencies of your project to a known state",
        "Read more about it at https://getcomposer.org/doc/01-basic-usage.md#composer-lock-the-lock-file",
        "This file is @generated automatically"
    ],
    "hash": "0c0a61a5f7abdfcac796c3616893b6c7",
    "content-hash": "4ce6c5dba00d900999b39b83f74e2be3",
    "packages": [
        {
            "name": "googleads/googleads-php-lib",
            "version": "dev-experimental",
            "source": {
                "type": "git",
                "url": "https://github.com/googleads/googleads-php-lib.git",
                "reference": "bf2b72ff59c0abaa28b760b360515ad5ba6de173"
            },
            "dist": {
                "type": "zip",
                "url": "https://api.github.com/repos/googleads/googleads-php-lib/zipball/bf2b72ff59c0abaa28b760b360515ad5ba6de173",
                "reference": "bf2b72ff59c0abaa28b760b360515ad5ba6de173",
                "shasum": ""
            },
            "require": {
                "ext-curl": "*",
                "ext-openssl": "*",
                "ext-soap": "*",
                "monolog/monolog": "~1.17.1",
                "php": ">=5.5.0"
            },
            "suggest": {
                "php-64bit": ">=5.5.0"
            },
            "type": "library",
            "autoload": {
                "psr-4": {
                    "Google\\AdsApi\\": "src/Google/AdsApi/"
                }
            },
            "notification-url": "https://packagist.org/downloads/",
            "license": [
                "Apache-2.0"
            ],
            "authors": [
                {
                    "name": "Google",
                    "homepage": "https://github.com/googleads/googleads-php-lib/contributors"
                }
            ],
            "description": "Google Ads APIs Client Library for PHP (AdWords and DFP)",
            "homepage": "https://github.com/googleads/googleads-php-lib",
            "time": "2016-02-22 17:36:03"
        },
        {
            "name": "ioki/wkhtmltopdf-amd64-centos6",
            "version": "dev-master",
            "source": {
                "type": "git",
                "url": "https://github.com/IOKI/wkhtmltopdf-amd64-centos6.git",
                "reference": "1fa493e38c24c20268118fc3976c93854ab1cb6b"
            },
            "dist": {
                "type": "zip",
                "url": "https://api.github.com/repos/IOKI/wkhtmltopdf-amd64-centos6/zipball/1fa493e38c24c20268118fc3976c93854ab1cb6b",
                "reference": "1fa493e38c24c20268118fc3976c93854ab1cb6b",
                "shasum": ""
            },
            "bin": [
                "bin/wkhtmltopdf-amd64-centos6"
            ],
            "type": "library",
            "notification-url": "https://packagist.org/downloads/",
            "license": [
                "LGPL Version 3"
            ],
            "authors": [
                {
                    "name": "Terry Harmon",
                    "email": "terry@polymorphdev.com"
                }
            ],
            "description": "All the wkhtmltopdf binaries for Centos6.",
            "homepage": "https://github.com/ioki/wkhtmltopdf-amd64-centos6",
            "keywords": [
                "binary",
                "convert",
                "pdf",
                "snapshot",
                "thumbnail",
                "wkhtmltopdf"
            ],
            "time": "2015-04-15 14:19:57"
        },
        {
            "name": "knplabs/knp-snappy",
            "version": "0.3.4",
            "source": {
                "type": "git",
                "url": "https://github.com/KnpLabs/snappy.git",
                "reference": "f29edc4e53429deec2b394926a8f743a0ad2e28e"
            },
            "dist": {
                "type": "zip",
                "url": "https://api.github.com/repos/KnpLabs/snappy/zipball/f29edc4e53429deec2b394926a8f743a0ad2e28e",
                "reference": "f29edc4e53429deec2b394926a8f743a0ad2e28e",
                "shasum": ""
            },
            "require": {
                "php": ">=5.3.0"
            },
            "require-dev": {
                "symfony/process": "~2.1"
            },
            "suggest": {
                "h4cc/wkhtmltopdf-amd64": "Provide wkhtmltopdf-amd64 binary, use version `0.12.0` as dependency",
                "h4cc/wkhtmltopdf-i386": "Provide wkhtmltopdf-i386 binary, use version `0.12.0` as dependency"
            },
            "type": "library",
            "extra": {
                "branch-alias": {
                    "dev-master": "0.3.x-dev"
                }
            },
            "autoload": {
                "psr-0": {
                    "Knp\\Snappy": "src/"
                }
            },
            "notification-url": "https://packagist.org/downloads/",
            "license": [
                "MIT"
            ],
            "authors": [
                {
                    "name": "KnpLabs Team",
                    "homepage": "http://knplabs.com"
                },
                {
                    "name": "Symfony Community",
                    "homepage": "http://github.com/KnpLabs/snappy/contributors"
                }
            ],
            "description": "PHP5 library allowing thumbnail, snapshot or PDF generation from a url or a html page. Wrapper for wkhtmltopdf/wkhtmltoimage.",
            "homepage": "http://github.com/KnpLabs/snappy",
            "keywords": [
                "knp",
                "knplabs",
                "pdf",
                "snapshot",
                "thumbnail",
                "wkhtmltopdf"
            ],
            "time": "2015-05-07 07:43:07"
        },
        {
            "name": "monolog/monolog",
            "version": "1.17.2",
            "source": {
                "type": "git",
                "url": "https://github.com/Seldaek/monolog.git",
                "reference": "bee7f0dc9c3e0b69a6039697533dca1e845c8c24"
            },
            "dist": {
                "type": "zip",
                "url": "https://api.github.com/repos/Seldaek/monolog/zipball/bee7f0dc9c3e0b69a6039697533dca1e845c8c24",
                "reference": "bee7f0dc9c3e0b69a6039697533dca1e845c8c24",
                "shasum": ""
            },
            "require": {
                "php": ">=5.3.0",
                "psr/log": "~1.0"
            },
            "provide": {
                "psr/log-implementation": "1.0.0"
            },
            "require-dev": {
                "aws/aws-sdk-php": "^2.4.9",
                "doctrine/couchdb": "~1.0@dev",
                "graylog2/gelf-php": "~1.0",
                "jakub-onderka/php-parallel-lint": "0.9",
                "php-console/php-console": "^3.1.3",
                "phpunit/phpunit": "~4.5",
                "phpunit/phpunit-mock-objects": "2.3.0",
                "raven/raven": "^0.13",
                "ruflin/elastica": ">=0.90 <3.0",
                "swiftmailer/swiftmailer": "~5.3",
                "videlalvaro/php-amqplib": "~2.4"
            },
            "suggest": {
                "aws/aws-sdk-php": "Allow sending log messages to AWS services like DynamoDB",
                "doctrine/couchdb": "Allow sending log messages to a CouchDB server",
                "ext-amqp": "Allow sending log messages to an AMQP server (1.0+ required)",
                "ext-mongo": "Allow sending log messages to a MongoDB server",
                "graylog2/gelf-php": "Allow sending log messages to a GrayLog2 server",
                "php-console/php-console": "Allow sending log messages to Google Chrome",
                "raven/raven": "Allow sending log messages to a Sentry server",
                "rollbar/rollbar": "Allow sending log messages to Rollbar",
                "ruflin/elastica": "Allow sending log messages to an Elastic Search server",
                "videlalvaro/php-amqplib": "Allow sending log messages to an AMQP server using php-amqplib"
            },
            "type": "library",
            "extra": {
                "branch-alias": {
                    "dev-master": "1.16.x-dev"
                }
            },
            "autoload": {
                "psr-4": {
                    "Monolog\\": "src/Monolog"
                }
            },
            "notification-url": "https://packagist.org/downloads/",
            "license": [
                "MIT"
            ],
            "authors": [
                {
                    "name": "Jordi Boggiano",
                    "email": "j.boggiano@seld.be",
                    "homepage": "http://seld.be"
                }
            ],
            "description": "Sends your logs to files, sockets, inboxes, databases and various web services",
            "homepage": "http://github.com/Seldaek/monolog",
            "keywords": [
                "log",
                "logging",
                "psr-3"
            ],
            "time": "2015-10-14 12:51:02"
        },
        {
            "name": "novaksolutions/infusionsoft-php-sdk",
            "version": "dev-master",
            "source": {
                "type": "git",
                "url": "https://github.com/novaksolutions/infusionsoft-php-sdk.git",
                "reference": "94fdeb296e37acbb8970be1383a3f6aac024c2bc"
            },
            "dist": {
                "type": "zip",
                "url": "https://api.github.com/repos/novaksolutions/infusionsoft-php-sdk/zipball/94fdeb296e37acbb8970be1383a3f6aac024c2bc",
                "reference": "94fdeb296e37acbb8970be1383a3f6aac024c2bc",
                "shasum": ""
            },
            "require": {
                "ext-curl": "*",
                "php": ">=5.2.0"
            },
            "type": "library",
            "autoload": {
                "classmap": [
                    "Infusionsoft/infusionsoft.php"
                ]
            },
            "notification-url": "https://packagist.org/downloads/",
            "license": [
                "MIT"
            ],
            "authors": [
                {
                    "name": "Novak Solutions",
                    "homepage": "https://novaksolutions.com"
                }
            ],
            "description": "A better Infusionsoft SDK for PHP",
            "homepage": "https://novaksolutions.com",
            "keywords": [
                "api",
                "infusion",
                "infusionsoft",
                "infusionsoft-api",
                "marketing",
                "php-infusionsoft-api"
            ],
            "time": "2016-02-20 00:41:57"
        },
        {
            "name": "oyejorge/less.php",
            "version": "dev-master",
            "source": {
                "type": "git",
                "url": "https://github.com/oyejorge/less.php.git",
                "reference": "1736a49af9249f2202aca1678ba80aba79ff4208"
            },
            "dist": {
                "type": "zip",
                "url": "https://api.github.com/repos/oyejorge/less.php/zipball/1736a49af9249f2202aca1678ba80aba79ff4208",
                "reference": "1736a49af9249f2202aca1678ba80aba79ff4208",
                "shasum": ""
            },
            "require": {
                "php": ">=5.3"
            },
            "require-dev": {
                "phpunit/phpunit": "~4.8.18"
            },
            "bin": [
                "bin/lessc"
            ],
            "type": "library",
            "autoload": {
                "psr-0": {
                    "Less": "lib/"
                },
                "classmap": [
                    "lessc.inc.php"
                ]
            },
            "notification-url": "https://packagist.org/downloads/",
            "license": [
                "Apache-2.0"
            ],
            "authors": [
                {
                    "name": "Matt Agar",
                    "homepage": "https://github.com/agar"
                },
                {
                    "name": "Martin Jantošovič",
                    "homepage": "https://github.com/Mordred"
                },
                {
                    "name": "Josh Schmidt",
                    "homepage": "https://github.com/oyejorge"
                }
            ],
            "description": "PHP port of the Javascript version of LESS http://lesscss.org",
            "homepage": "http://lessphp.gpeasy.com",
            "keywords": [
                "css",
                "less",
                "less.js",
                "lesscss",
                "php",
                "stylesheet"
            ],
            "time": "2016-02-05 05:02:03"
        },
        {
            "name": "psr/log",
            "version": "dev-master",
            "source": {
                "type": "git",
                "url": "https://github.com/php-fig/log.git",
                "reference": "d8e60a5619fff77f9669da8997697443ef1a1d7e"
            },
            "dist": {
                "type": "zip",
                "url": "https://api.github.com/repos/php-fig/log/zipball/d8e60a5619fff77f9669da8997697443ef1a1d7e",
                "reference": "d8e60a5619fff77f9669da8997697443ef1a1d7e",
                "shasum": ""
            },
            "require": {
                "php": ">=5.3.0"
            },
            "type": "library",
            "extra": {
                "branch-alias": {
                    "dev-master": "1.0.x-dev"
                }
            },
            "autoload": {
                "psr-4": {
                    "Psr\\Log\\": "Psr/Log/"
                }
            },
            "notification-url": "https://packagist.org/downloads/",
            "license": [
                "MIT"
            ],
            "authors": [
                {
                    "name": "PHP-FIG",
                    "homepage": "http://www.php-fig.org/"
                }
            ],
            "description": "Common interface for logging libraries",
            "homepage": "https://github.com/php-fig/log",
            "keywords": [
                "log",
                "psr",
                "psr-3"
            ],
            "time": "2016-01-06 21:40:42"
        },
        {
            "name": "twbs/bootstrap",
            "version": "dev-master",
            "source": {
                "type": "git",
                "url": "https://github.com/twbs/bootstrap.git",
                "reference": "f2ba581a25d7f58b2243fa7b04c5ee69894031b2"
            },
            "dist": {
                "type": "zip",
                "url": "https://api.github.com/repos/twbs/bootstrap/zipball/f2ba581a25d7f58b2243fa7b04c5ee69894031b2",
                "reference": "f2ba581a25d7f58b2243fa7b04c5ee69894031b2",
                "shasum": ""
            },
            "replace": {
                "twitter/bootstrap": "self.version"
            },
            "type": "library",
            "extra": {
                "branch-alias": {
                    "dev-master": "3.3.x-dev"
                }
            },
            "notification-url": "https://packagist.org/downloads/",
            "license": [
                "MIT"
            ],
            "authors": [
                {
                    "name": "Jacob Thornton",
                    "email": "jacobthornton@gmail.com"
                },
                {
                    "name": "Mark Otto",
                    "email": "markdotto@gmail.com"
                }
            ],
            "description": "The most popular front-end framework for developing responsive, mobile first projects on the web.",
            "homepage": "http://getbootstrap.com",
            "keywords": [
                "JS",
                "css",
                "framework",
                "front-end",
                "less",
                "mobile-first",
                "responsive",
                "web"
            ],
            "time": "2016-02-23 23:16:02"
        }
    ],
    "packages-dev": [],
    "aliases": [],
    "minimum-stability": "dev",
    "stability-flags": {
        "novaksolutions/infusionsoft-php-sdk": 20,
        "ioki/wkhtmltopdf-amd64-centos6": 20,
        "twbs/bootstrap": 20,
        "oyejorge/less.php": 20,
        "googleads/googleads-php-lib": 20
    },
    "prefer-stable": false,
    "prefer-lowest": false,
    "platform": [],
    "platform-dev": []
}
